<?xml version="1.0" encoding="utf-8"?>
<Project ToolsVersion="4.0" xmlns="http://schemas.microsoft.com/developer/msbuild/2003">
  <ItemGroup>
    <Filter Include="win32">
      <UniqueIdentifier>{84a8ebd7-7cf0-47f6-b75e-d441df67da40}</UniqueIdentifier>
    </Filter>
    <Filter Include="resource">
      <UniqueIdentifier>{715254bc-d70b-4ec5-bf29-467dd3ace079}</UniqueIdentifier>
    </Filter>
    <Filter Include="src">
      <UniqueIdentifier>{bb6c862e-70e9-49d9-81b7-3829a6f50471}</UniqueIdentifier>
    </Filter>
    <Filter Include="src\TSP">
      <UniqueIdentifier>{16763655-e2cd-498b-93e8-0bc305dc707a}</UniqueIdentifier>
    </Filter>
    <Filter Include="src\PathFinder">
      <UniqueIdentifier>{a85c2224-029e-479d-a9ae-85c5accfa0ad}</UniqueIdentifier>
    </Filter>
    <Filter Include="src\EightNum">
      <UniqueIdentifier>{18aaaa7d-33d0-4b83-be62-9546f447ef37}</UniqueIdentifier>
    </Filter>
  </ItemGroup>
  <ItemGroup>
    <ClCompile Include="main.cpp">
      <Filter>win32</Filter>
    </ClCompile>
    <ClCompile Include="..\Classes\AppDelegate.cpp">
      <Filter>src</Filter>
    </ClCompile>
    <ClCompile Include="..\Classes\ThunderSlot.cpp">
      <Filter>src</Filter>
    </ClCompile>
    <ClCompile Include="..\Classes\TSP\TSPGenetic.cpp">
      <Filter>src\TSP</Filter>
    </ClCompile>
    <ClCompile Include="..\Classes\TSP\TSPLayer.cpp">
      <Filter>src\TSP</Filter>
    </ClCompile>
    <ClCompile Include="..\Classes\TSP\TSPMap.cpp">
      <Filter>src\TSP</Filter>
    </ClCompile>
    <ClCompile Include="..\Classes\PathFinder\BobMap.cpp">
      <Filter>src\PathFinder</Filter>
    </ClCompile>
    <ClCompile Include="..\Classes\PathFinder\Genetic.cpp">
      <Filter>src\PathFinder</Filter>
    </ClCompile>
    <ClCompile Include="..\Classes\PathFinder\HelloWorldScene.cpp">
      <Filter>src\PathFinder</Filter>
    </ClCompile>
    <ClCompile Include="..\Classes\EightNum\EightNumGA.cpp">
      <Filter>src\EightNum</Filter>
    </ClCompile>
    <ClCompile Include="..\Classes\EightNum\EightNumLayer.cpp">
      <Filter>src\EightNum</Filter>
    </ClCompile>
    <ClCompile Include="..\Classes\EightNum\EightNumMap.cpp">
      <Filter>src\EightNum</Filter>
    </ClCompile>
  </ItemGroup>
  <ItemGroup>
    <ClInclude Include="main.h">
      <Filter>win32</Filter>
    </ClInclude>
    <ClInclude Include="..\Classes\AppDelegate.h">
      <Filter>src</Filter>
    </ClInclude>
    <ClInclude Include="..\Classes\ThunderSlot.h">
      <Filter>src</Filter>
    </ClInclude>
    <ClInclude Include="..\Classes\TSP\TSPGenetic.h">
      <Filter>src\TSP</Filter>
    </ClInclude>
    <ClInclude Include="..\Classes\TSP\TSPLayer.h">
      <Filter>src\TSP</Filter>
    </ClInclude>
    <ClInclude Include="..\Classes\TSP\TSPMap.h">
      <Filter>src\TSP</Filter>
    </ClInclude>
    <ClInclude Include="..\Classes\PathFinder\BobMap.h">
      <Filter>src\PathFinder</Filter>
    </ClInclude>
    <ClInclude Include="..\Classes\PathFinder\Genetic.h">
      <Filter>src\PathFinder</Filter>
    </ClInclude>
    <ClInclude Include="..\Classes\PathFinder\HelloWorldScene.h">
      <Filter>src\PathFinder</Filter>
    </ClInclude>
    <ClInclude Include="..\Classes\EightNum\EightNumGA.h">
      <Filter>src\EightNum</Filter>
    </ClInclude>
    <ClInclude Include="..\Classes\EightNum\EightNumLayer.h">
      <Filter>src\EightNum</Filter>
    </ClInclude>
    <ClInclude Include="..\Classes\EightNum\EightNumMap.h">
      <Filter>src\EightNum</Filter>
    </ClInclude>
  </ItemGroup>
  <ItemGroup>
    <ResourceCompile Include="game.rc">
      <Filter>resource</Filter>
    </ResourceCompile>
  </ItemGroup>
</Project>